
Microsoft Visual Studio Solution File, Format Version 12.00
# Visual Studio Version 17
VisualStudioVersion = 17.10.35004.147
MinimumVisualStudioVersion = 10.0.40219.1
Project("{FAE04EC0-301F-11D3-BF4B-00C04F79EFBC}") = "C42-G02-MVC06", "C42-G02-MVC06\C42-G02-MVC06.csproj", "{C21C97C2-C38A-4170-89A4-A71F14274DEF}"
EndProject
Global
	GlobalSection(SolutionConfigurationPlatforms) = preSolution
		Debug|Any CPU = Debug|Any CPU
		Release|Any CPU = Release|Any CPU
	EndGlobalSection
	GlobalSection(ProjectConfigurationPlatforms) = postSolution
		{C21C97C2-C38A-4170-89A4-A71F14274DEF}.Debug|Any CPU.ActiveCfg = Debug|Any CPU
		{C21C97C2-C38A-4170-89A4-A71F14274DEF}.Debug|Any CPU.Build.0 = Debug|Any CPU
		{C21C97C2-C38A-4170-89A4-A71F14274DEF}.Release|Any CPU.ActiveCfg = Release|Any CPU
		{C21C97C2-C38A-4170-89A4-A71F14274DEF}.Release|Any CPU.Build.0 = Release|Any CPU
	EndGlobalSection
	GlobalSection(SolutionProperties) = preSolution
		HideSolutionNode = FALSE
	EndGlobalSection
	GlobalSection(ExtensibilityGlobals) = postSolution
		SolutionGuid = {0A76D644-8C4F-4CF2-8E5F-AF8575093117}
	EndGlobalSection
EndGlobal
